PODS:
  - Flutter (2.0.0)
  - flutter_pusher (1.0.1):
    - Flutter
    - PusherSwift (= 8.0.0)
  - PusherSwift (8.0.0):
    - ReachabilitySwift (~> 5.0)
    - Starscream (~> 3.1)
  - ReachabilitySwift (5.0.0)
  - Starscream (3.1.1)

DEPENDENCIES:
  - flutter_pusher (from `.symlinks/plugins/flutter_pusher/ios`)

SPEC REPOS:
  trunk:
    - Flutter
    - PusherSwift
    - ReachabilitySwift
    - Starscream

EXTERNAL SOURCES:
  flutter_pusher:
    :path: ".symlinks/plugins/flutter_pusher/ios"

SPEC CHECKSUMS:
  Flutter: 1c17b7bc8cd10f9f85f9dbc56caee3074756daad
  flutter_pusher: 45f8125ca46b410702a5a716cb8606c962b0da14
  PusherSwift: 8f18b7beaf383e0475607ab6a3f89f477637fb21
  ReachabilitySwift: 985039c6f7b23a1da463388634119492ff86c825
  Starscream: 4bb2f9942274833f7b4d296a55504dcfc7edb7b0

PODFILE CHECKSUM: d231b65d6bea6d24555f84ca7901720538b5791f

COCOAPODS: 1.10.1
